github.com/arbovm/levenshtein v0.0.0-20160628152529-48b4e1c0c4d0 h1:jfIu9sQUG6Ig+0+Ap1h4unLjW6YQJpKZVmUzxsD4E/Q=
github.com/arbovm/levenshtein v0.0.0-20160628152529-48b4e1c0c4d0/go.mod h1:t2tdKJDJF9BV14lnkjHmOQgcvEKgtqs5a1N3LNdJhGE=
github.com/godbus/dbus v4.1.0+incompatible h1:WqqLRTsQic3apZUK9qC5sGNfXthmPXzUZ7nQPrNITa4=
github.com/godbus/dbus v4.1.0+incompatible/go.mod h1:/YcGZj5zSblfDWMMoOzV4fas9FZnQYTkDnsGvmh2Grw=
github.com/sarim/avro-go v0.0.0-20170101162745-6cdedc31ed5d h1:xMWWXQOVBAkivm6PidLD9rGJnsouAeGPT6rn6pQIez8=
github.com/sarim/avro-go v0.0.0-20170101162745-6cdedc31ed5d/go.mod h1:JdIyOB0Q6Yapv0DGgsyigGtecOinTQIcvPmico9LzJM=
github.com/sarim/goibus v0.0.0-20181031102428-eb16b0161e3b h1:8cwPjSLk8i0ShiGqqXhB+MCJpmol77CTGW+PXcTHVzM=
github.com/sarim/goibus v0.0.0-20181031102428-eb16b0161e3b/go.mod h1:CCZSexTC7hkB1Q3oDQCPK176EO9LgvVUnKTfxay36VQ=
github.com/sarim/gtre v0.0.0-20150511144356-d6ddcf2c8fd6 h1:I0LRqp34IF88oNJjyovV5+kb6HPhXIOo9lneHjsvoE8=
github.com/sarim/gtre v0.0.0-20150511144356-d6ddcf2c8fd6/go.mod h1:RKOoO+Mpwt0JzxjS2lnD7T/h4uKgzDnmfvKMOXPVfvU=
